
Microsoft Visual Studio Solution File, Format Version 12.00
# Visual Studio Version 17
VisualStudioVersion = 17.5.002.0
MinimumVisualStudioVersion = 10.0.40219.1
Project("{9A19103F-16F7-4668-BE54-9A1E7A4F7556}") = "ProductApi", "ProductApi.csproj", "{5C0D8896-2267-4C72-8283-4066A09B8044}"
EndProject
Global
	GlobalSection(SolutionConfigurationPlatforms) = preSolution
		Debug|Any CPU = Debug|Any CPU
		Release|Any CPU = Release|Any CPU
	EndGlobalSection
	GlobalSection(ProjectConfigurationPlatforms) = postSolution
		{5C0D8896-2267-4C72-8283-4066A09B8044}.Debug|Any CPU.ActiveCfg = Debug|Any CPU
		{5C0D8896-2267-4C72-8283-4066A09B8044}.Debug|Any CPU.Build.0 = Debug|Any CPU
		{5C0D8896-2267-4C72-8283-4066A09B8044}.Release|Any CPU.ActiveCfg = Release|Any CPU
		{5C0D8896-2267-4C72-8283-4066A09B8044}.Release|Any CPU.Build.0 = Release|Any CPU
	EndGlobalSection
	GlobalSection(SolutionProperties) = preSolution
		HideSolutionNode = FALSE
	EndGlobalSection
	GlobalSection(ExtensibilityGlobals) = postSolution
		SolutionGuid = {D53BDFF4-CBD7-415F-8A5E-23EE1E45AECC}
	EndGlobalSection
EndGlobal
